
Microsoft Visual Studio Solution File, Format Version 12.00
# Visual Studio Version 17
VisualStudioVersion = 17.0.31903.59
MinimumVisualStudioVersion = 10.0.40219.1
Project("{FAE04EC0-301F-11D3-BF4B-00C04F79EFBC}") = "SwapiMvc.Mvc", "SwapiMvc.Mvc\SwapiMvc.Mvc.csproj", "{A2BF84C1-905F-429B-B25D-8BB564ADE201}"
EndProject
Project("{FAE04EC0-301F-11D3-BF4B-00C04F79EFBC}") = "SwapiMvc.Data", "SwapiMvc.Data\SwapiMvc.Data.csproj", "{58D2A877-E056-42E4-9901-D833E964EC6F}"
EndProject
Project("{FAE04EC0-301F-11D3-BF4B-00C04F79EFBC}") = "SwapiMvc.Services", "SwapiMvc.Services\SwapiMvc.Services.csproj", "{6034DCBD-1469-4FA6-B223-6738C5A8129E}"
EndProject
Project("{FAE04EC0-301F-11D3-BF4B-00C04F79EFBC}") = "SwapiMvc.Models", "SwapiMvc.Models\SwapiMvc.Models.csproj", "{5ACAD217-2FCC-4501-9047-6FD9752DAE68}"
EndProject
Global
	GlobalSection(SolutionConfigurationPlatforms) = preSolution
		Debug|Any CPU = Debug|Any CPU
		Release|Any CPU = Release|Any CPU
	EndGlobalSection
	GlobalSection(SolutionProperties) = preSolution
		HideSolutionNode = FALSE
	EndGlobalSection
	GlobalSection(ProjectConfigurationPlatforms) = postSolution
		{A2BF84C1-905F-429B-B25D-8BB564ADE201}.Debug|Any CPU.ActiveCfg = Debug|Any CPU
		{A2BF84C1-905F-429B-B25D-8BB564ADE201}.Debug|Any CPU.Build.0 = Debug|Any CPU
		{A2BF84C1-905F-429B-B25D-8BB564ADE201}.Release|Any CPU.ActiveCfg = Release|Any CPU
		{A2BF84C1-905F-429B-B25D-8BB564ADE201}.Release|Any CPU.Build.0 = Release|Any CPU
		{58D2A877-E056-42E4-9901-D833E964EC6F}.Debug|Any CPU.ActiveCfg = Debug|Any CPU
		{58D2A877-E056-42E4-9901-D833E964EC6F}.Debug|Any CPU.Build.0 = Debug|Any CPU
		{58D2A877-E056-42E4-9901-D833E964EC6F}.Release|Any CPU.ActiveCfg = Release|Any CPU
		{58D2A877-E056-42E4-9901-D833E964EC6F}.Release|Any CPU.Build.0 = Release|Any CPU
		{6034DCBD-1469-4FA6-B223-6738C5A8129E}.Debug|Any CPU.ActiveCfg = Debug|Any CPU
		{6034DCBD-1469-4FA6-B223-6738C5A8129E}.Debug|Any CPU.Build.0 = Debug|Any CPU
		{6034DCBD-1469-4FA6-B223-6738C5A8129E}.Release|Any CPU.ActiveCfg = Release|Any CPU
		{6034DCBD-1469-4FA6-B223-6738C5A8129E}.Release|Any CPU.Build.0 = Release|Any CPU
		{5ACAD217-2FCC-4501-9047-6FD9752DAE68}.Debug|Any CPU.ActiveCfg = Debug|Any CPU
		{5ACAD217-2FCC-4501-9047-6FD9752DAE68}.Debug|Any CPU.Build.0 = Debug|Any CPU
		{5ACAD217-2FCC-4501-9047-6FD9752DAE68}.Release|Any CPU.ActiveCfg = Release|Any CPU
		{5ACAD217-2FCC-4501-9047-6FD9752DAE68}.Release|Any CPU.Build.0 = Release|Any CPU
	EndGlobalSection
EndGlobal
